<?xml version="1.0" encoding="utf-8"?>
<Project ToolsVersion="4.0" xmlns="http://schemas.microsoft.com/developer/msbuild/2003">
  <ItemGroup>
    <Filter Include="Source Files">
      <UniqueIdentifier>{4FC737F1-C7A5-4376-A066-2A32D752A2FF}</UniqueIdentifier>
      <Extensions>cpp;c;cc;cxx;def;odl;idl;hpj;bat;asm;asmx</Extensions>
    </Filter>
    <Filter Include="Header Files">
      <UniqueIdentifier>{93995380-89BD-4b04-88EB-625FBE52EBFB}</UniqueIdentifier>
      <Extensions>h;hh;hpp;hxx;hm;inl;inc;xsd</Extensions>
    </Filter>
    <Filter Include="Resource Files">
      <UniqueIdentifier>{67DA6AB6-F800-4c08-8B7A-83BB121AAD01}</UniqueIdentifier>
      <Extensions>rc;ico;cur;bmp;dlg;rc2;rct;bin;rgs;gif;jpg;jpeg;jpe;resx;tiff;tif;png;wav;mfcribbon-ms</Extensions>
    </Filter>
    <Filter Include="Source Files\Windows">
      <UniqueIdentifier>{75735ea6-bba7-4ca1-a862-07374744282e}</UniqueIdentifier>
    </Filter>
    <Filter Include="Source Files\Memory">
      <UniqueIdentifier>{2fdfa320-6d61-4cc1-93ef-b73c1f0c1c5c}</UniqueIdentifier>
    </Filter>
    <Filter Include="Source Files\Math">
      <UniqueIdentifier>{981541c5-6055-41d4-93c2-4b8f1697f948}</UniqueIdentifier>
    </Filter>
    <Filter Include="Source Files\RNG">
      <UniqueIdentifier>{a85dc5ab-4dbe-4853-a845-ea1447e2154c}</UniqueIdentifier>
    </Filter>
    <Filter Include="Source Files\SIMD">
      <UniqueIdentifier>{3aa073e3-ec69-4ae4-b102-5dd744d29876}</UniqueIdentifier>
    </Filter>
    <Filter Include="Source Files\Graphics">
      <UniqueIdentifier>{8637f292-54ad-4d41-b325-104e9ff340b3}</UniqueIdentifier>
    </Filter>
  </ItemGroup>
  <ItemGroup>
    <ClInclude Include="Windows\Event.h">
      <Filter>Source Files\Windows</Filter>
    </ClInclude>
    <ClInclude Include="EDXPrerequisites.h">
      <Filter>Source Files</Filter>
    </ClInclude>
    <ClInclude Include="Windows\Base.h">
      <Filter>Source Files\Windows</Filter>
    </ClInclude>
    <ClInclude Include="Windows\Application.h">
      <Filter>Source Files\Windows</Filter>
    </ClInclude>
    <ClInclude Include="Windows\Window.h">
      <Filter>Source Files\Windows</Filter>
    </ClInclude>
    <ClInclude Include="Windows\Thread.h">
      <Filter>Source Files\Windows</Filter>
    </ClInclude>
    <ClInclude Include="Windows\Timer.h">
      <Filter>Source Files\Windows</Filter>
    </ClInclude>
    <ClInclude Include="Memory\RefPtr.h">
      <Filter>Source Files\Memory</Filter>
    </ClInclude>
    <ClInclude Include="Memory\Memory.h">
      <Filter>Source Files\Memory</Filter>
    </ClInclude>
    <ClInclude Include="Math\EDXMath.h">
      <Filter>Source Files\Math</Filter>
    </ClInclude>
    <ClInclude Include="Math\Constants.h">
      <Filter>Source Files\Math</Filter>
    </ClInclude>
    <ClInclude Include="Math\Vec2.h">
      <Filter>Source Files\Math</Filter>
    </ClInclude>
    <ClInclude Include="Math\Vec3.h">
      <Filter>Source Files\Math</Filter>
    </ClInclude>
    <ClInclude Include="Math\Vec4.h">
      <Filter>Source Files\Math</Filter>
    </ClInclude>
    <ClInclude Include="Math\VecBase.h">
      <Filter>Source Files\Math</Filter>
    </ClInclude>
    <ClInclude Include="RNG\Random.h">
      <Filter>Source Files\RNG</Filter>
    </ClInclude>
    <ClInclude Include="SIMD\BoolSSE.h">
      <Filter>Source Files\SIMD</Filter>
    </ClInclude>
    <ClInclude Include="SIMD\FloatSSE.h">
      <Filter>Source Files\SIMD</Filter>
    </ClInclude>
    <ClInclude Include="SIMD\IntSSE.h">
      <Filter>Source Files\SIMD</Filter>
    </ClInclude>
    <ClInclude Include="SIMD\SSE.h">
      <Filter>Source Files\SIMD</Filter>
    </ClInclude>
    <ClInclude Include="Math\Matrix.h">
      <Filter>Source Files\Math</Filter>
    </ClInclude>
    <ClInclude Include="Math\Ray.h">
      <Filter>Source Files\Math</Filter>
    </ClInclude>
    <ClInclude Include="Math\BoundingBox.h">
      <Filter>Source Files\Math</Filter>
    </ClInclude>
    <ClInclude Include="Graphics\Camera.h">
      <Filter>Source Files\Graphics</Filter>
    </ClInclude>
    <ClInclude Include="Graphics\Color.h">
      <Filter>Source Files\Graphics</Filter>
    </ClInclude>
    <ClInclude Include="Math\Vector.h">
      <Filter>Source Files\Math</Filter>
    </ClInclude>
    <ClInclude Include="Memory\Array.h">
      <Filter>Source Files\Memory</Filter>
    </ClInclude>
    <ClInclude Include="Graphics\ObjMesh.h">
      <Filter>Source Files\Graphics</Filter>
    </ClInclude>
  </ItemGroup>
  <ItemGroup>
    <ClCompile Include="Windows\Window.cpp">
      <Filter>Source Files\Windows</Filter>
    </ClCompile>
    <ClCompile Include="Windows\Application.cpp">
      <Filter>Source Files\Windows</Filter>
    </ClCompile>
    <ClCompile Include="Windows\Thread.cpp">
      <Filter>Source Files\Windows</Filter>
    </ClCompile>
    <ClCompile Include="Math\Matrix.cpp">
      <Filter>Source Files\Math</Filter>
    </ClCompile>
    <ClCompile Include="Graphics\Camera.cpp">
      <Filter>Source Files\Graphics</Filter>
    </ClCompile>
    <ClCompile Include="Graphics\Color.cpp">
      <Filter>Source Files\Graphics</Filter>
    </ClCompile>
    <ClCompile Include="Graphics\ObjMesh.cpp">
      <Filter>Source Files\Graphics</Filter>
    </ClCompile>
  </ItemGroup>
</Project>